PODS:
  - AudioKit (2.1.1)
  - ObjectAL-for-iPhone (2.5)
  - OBShapedButton (1.0.2)
  - TheAmazingAudioEngine (1.4.6)
  - UIMenuItem-CXAImageSupport (0.0.1)
  - UIView-Autolayout (0.2.1)

DEPENDENCIES:
  - AudioKit
  - ObjectAL-for-iPhone (~> 2.5)
  - OBShapedButton
  - TheAmazingAudioEngine
  - UIMenuItem-CXAImageSupport (~> 0.0)
  - UIView-Autolayout (~> 0.2.0)

SPEC CHECKSUMS:
  AudioKit: 54c92607d7c0fe14035793e81afe1717324ce5fa
  ObjectAL-for-iPhone: 5f62714e5ba5c48c3138bc361b7891f77814e741
  OBShapedButton: ae2ae40dd98b934d4f76be1984c49db73893ada9
  TheAmazingAudioEngine: 014e942f20456feaf5ccb48f440402306350abf8
  UIMenuItem-CXAImageSupport: 2945e2af4487414caad801ed8ff6ac8db274e986
  UIView-Autolayout: 042510c499403f58620998278ddd60fa7b6cd4a7

COCOAPODS: 0.37.1
